// !$*UTF8*$!
{
	archiveVersion = 1;
	classes = {
	};
	objectVersion = 46;
	objects = {

/* Begin PBXBuildFile section */
		6AAE977730EEAF049F380EFF /* Pods_DropBoxSwift.framework in Frameworks */ = {isa = PBXBuildFile; fileRef = 7BF82C5FF067B083F054E49E /* Pods_DropBoxSwift.framework */; };
		C2033C4F1E539EF800CC752A /* SwiftyDropbox.framework in Frameworks */ = {isa = PBXBuildFile; fileRef = C2033C4E1E539EF800CC752A /* SwiftyDropbox.framework */; };
		C20E77541E5A041A004C1831 /* TableController.swift in Sources */ = {isa = PBXBuildFile; fileRef = C20E77531E5A041A004C1831 /* TableController.swift */; };
		C26709E31E525551002B3751 /* Default-568h@2x.png in Resources */ = {isa = PBXBuildFile; fileRef = C26709E21E525551002B3751 /* Default-568h@2x.png */; };
		C29DEF3C1E5A3B9100401138 /* FolderController.swift in Sources */ = {isa = PBXBuildFile; fileRef = C29DEF3B1E5A3B9100401138 /* FolderController.swift */; };
		C2DCDCA21E5B71F600E52F11 /* Button.swift in Sources */ = {isa = PBXBuildFile; fileRef = C2DCDCA11E5B71F600E52F11 /* Button.swift */; };
		C2DCDCA41E5B77D700E52F11 /* File.swift in Sources */ = {isa = PBXBuildFile; fileRef = C2DCDCA31E5B77D700E52F11 /* File.swift */; };
		C2F5FC521E523B83004BEC06 /* AppDelegate.swift in Sources */ = {isa = PBXBuildFile; fileRef = C2F5FC511E523B83004BEC06 /* AppDelegate.swift */; };
		C2F5FC541E523B83004BEC06 /* ViewController.swift in Sources */ = {isa = PBXBuildFile; fileRef = C2F5FC531E523B83004BEC06 /* ViewController.swift */; };
		C2F5FC571E523B83004BEC06 /* Main.storyboard in Resources */ = {isa = PBXBuildFile; fileRef = C2F5FC551E523B83004BEC06 /* Main.storyboard */; };
		C2F5FC591E523B83004BEC06 /* Assets.xcassets in Resources */ = {isa = PBXBuildFile; fileRef = C2F5FC581E523B83004BEC06 /* Assets.xcassets */; };
		C2F5FC5C1E523B83004BEC06 /* LaunchScreen.storyboard in Resources */ = {isa = PBXBuildFile; fileRef = C2F5FC5A1E523B83004BEC06 /* LaunchScreen.storyboard */; };
/* End PBXBuildFile section */

/* Begin PBXFileReference section */
		2AB5213B53D06086303376B5 /* Pods-DropBoxSwift.debug.xcconfig */ = {isa = PBXFileReference; includeInIndex = 1; lastKnownFileType = text.xcconfig; name = "Pods-DropBoxSwift.debug.xcconfig"; path = "Pods/Target Support Files/Pods-DropBoxSwift/Pods-DropBoxSwift.debug.xcconfig"; sourceTree = "<group>"; };
		7BF82C5FF067B083F054E49E /* Pods_DropBoxSwift.framework */ = {isa = PBXFileReference; explicitFileType = wrapper.framework; includeInIndex = 0; path = Pods_DropBoxSwift.framework; sourceTree = BUILT_PRODUCTS_DIR; };
		C1BBADA1A6C163CD9BA766C7 /* Pods-DropBoxSwift.release.xcconfig */ = {isa = PBXFileReference; includeInIndex = 1; lastKnownFileType = text.xcconfig; name = "Pods-DropBoxSwift.release.xcconfig"; path = "Pods/Target Support Files/Pods-DropBoxSwift/Pods-DropBoxSwift.release.xcconfig"; sourceTree = "<group>"; };
		C2033C4E1E539EF800CC752A /* SwiftyDropbox.framework */ = {isa = PBXFileReference; lastKnownFileType = wrapper.framework; name = SwiftyDropbox.framework; path = "Pods/../build/Debug-iphoneos/SwiftyDropbox/SwiftyDropbox.framework"; sourceTree = "<group>"; };
		C20E77531E5A041A004C1831 /* TableController.swift */ = {isa = PBXFileReference; fileEncoding = 4; lastKnownFileType = sourcecode.swift; path = TableController.swift; sourceTree = "<group>"; };
		C26709E21E525551002B3751 /* Default-568h@2x.png */ = {isa = PBXFileReference; lastKnownFileType = image.png; path = "Default-568h@2x.png"; sourceTree = "<group>"; };
		C29DEF3B1E5A3B9100401138 /* FolderController.swift */ = {isa = PBXFileReference; fileEncoding = 4; lastKnownFileType = sourcecode.swift; path = FolderController.swift; sourceTree = "<group>"; };
		C2DCDCA11E5B71F600E52F11 /* Button.swift */ = {isa = PBXFileReference; fileEncoding = 4; lastKnownFileType = sourcecode.swift; path = Button.swift; sourceTree = "<group>"; };
		C2DCDCA31E5B77D700E52F11 /* File.swift */ = {isa = PBXFileReference; fileEncoding = 4; lastKnownFileType = sourcecode.swift; path = File.swift; sourceTree = "<group>"; };
		C2F5FC4E1E523B82004BEC06 /* DropBoxSwift.app */ = {isa = PBXFileReference; explicitFileType = wrapper.application; includeInIndex = 0; path = DropBoxSwift.app; sourceTree = BUILT_PRODUCTS_DIR; };
		C2F5FC511E523B83004BEC06 /* AppDelegate.swift */ = {isa = PBXFileReference; lastKnownFileType = sourcecode.swift; path = AppDelegate.swift; sourceTree = "<group>"; };
		C2F5FC531E523B83004BEC06 /* ViewController.swift */ = {isa = PBXFileReference; lastKnownFileType = sourcecode.swift; path = ViewController.swift; sourceTree = "<group>"; };
		C2F5FC561E523B83004BEC06 /* Base */ = {isa = PBXFileReference; lastKnownFileType = file.storyboard; name = Base; path = Base.lproj/Main.storyboard; sourceTree = "<group>"; };
		C2F5FC581E523B83004BEC06 /* Assets.xcassets */ = {isa = PBXFileReference; lastKnownFileType = folder.assetcatalog; path = Assets.xcassets; sourceTree = "<group>"; };
		C2F5FC5B1E523B83004BEC06 /* Base */ = {isa = PBXFileReference; lastKnownFileType = file.storyboard; name = Base; path = Base.lproj/LaunchScreen.storyboard; sourceTree = "<group>"; };
		C2F5FC5D1E523B84004BEC06 /* Info.plist */ = {isa = PBXFileReference; lastKnownFileType = text.plist.xml; path = Info.plist; sourceTree = "<group>"; };
/* End PBXFileReference section */

/* Begin PBXFrameworksBuildPhase section */
		C2F5FC4B1E523B7E004BEC06 /* Frameworks */ = {
			isa = PBXFrameworksBuildPhase;
			buildActionMask = 2147483647;
			files = (
				C2033C4F1E539EF800CC752A /* SwiftyDropbox.framework in Frameworks */,
				6AAE977730EEAF049F380EFF /* Pods_DropBoxSwift.framework in Frameworks */,
			);
			runOnlyForDeploymentPostprocessing = 0;
		};
/* End PBXFrameworksBuildPhase section */

/* Begin PBXGroup section */
		059206CF076A6693156EDE1E /* Frameworks */ = {
			isa = PBXGroup;
			children = (
				C2033C4E1E539EF800CC752A /* SwiftyDropbox.framework */,
				7BF82C5FF067B083F054E49E /* Pods_DropBoxSwift.framework */,
			);
			name = Frameworks;
			sourceTree = "<group>";
		};
		C2F5FC451E523B7D004BEC06 = {
			isa = PBXGroup;
			children = (
				C26709E21E525551002B3751 /* Default-568h@2x.png */,
				C2F5FC501E523B82004BEC06 /* DropBoxSwift */,
				C2F5FC4F1E523B82004BEC06 /* Products */,
				CC60A9BCCCE2EE14E012053A /* Pods */,
				059206CF076A6693156EDE1E /* Frameworks */,
			);
			sourceTree = "<group>";
		};
		C2F5FC4F1E523B82004BEC06 /* Products */ = {
			isa = PBXGroup;
			children = (
				C2F5FC4E1E523B82004BEC06 /* DropBoxSwift.app */,
			);
			name = Products;
			sourceTree = "<group>";
		};
		C2F5FC501E523B82004BEC06 /* DropBoxSwift */ = {
			isa = PBXGroup;
			children = (
				C2F5FC511E523B83004BEC06 /* AppDelegate.swift */,
				C2F5FC531E523B83004BEC06 /* ViewController.swift */,
				C20E77531E5A041A004C1831 /* TableController.swift */,
				C29DEF3B1E5A3B9100401138 /* FolderController.swift */,
				C2DCDCA11E5B71F600E52F11 /* Button.swift */,
				C2DCDCA31E5B77D700E52F11 /* File.swift */,
				C2F5FC551E523B83004BEC06 /* Main.storyboard */,
				C2F5FC581E523B83004BEC06 /* Assets.xcassets */,
				C2F5FC5A1E523B83004BEC06 /* LaunchScreen.storyboard */,
				C2F5FC5D1E523B84004BEC06 /* Info.plist */,
			);
			path = DropBoxSwift;
			sourceTree = "<group>";
		};
		CC60A9BCCCE2EE14E012053A /* Pods */ = {
			isa = PBXGroup;
			children = (
				2AB5213B53D06086303376B5 /* Pods-DropBoxSwift.debug.xcconfig */,
				C1BBADA1A6C163CD9BA766C7 /* Pods-DropBoxSwift.release.xcconfig */,
			);
			name = Pods;
			sourceTree = "<group>";
		};
/* End PBXGroup section */

/* Begin PBXNativeTarget section */
		C2F5FC4D1E523B7E004BEC06 /* DropBoxSwift */ = {
			isa = PBXNativeTarget;
			buildConfigurationList = C2F5FC601E523B84004BEC06 /* Build configuration list for PBXNativeTarget "DropBoxSwift" */;
			buildPhases = (
				2E80EA64FF4781630F8D8F75 /* [CP] Check Pods Manifest.lock */,
				C2F5FC4A1E523B7E004BEC06 /* Sources */,
				C2F5FC4B1E523B7E004BEC06 /* Frameworks */,
				C2F5FC4C1E523B7E004BEC06 /* Resources */,
				3BA02A4F6FBD6DEEC3F20BA7 /* [CP] Embed Pods Frameworks */,
				6771A721CD86B412B2EE6BDD /* [CP] Copy Pods Resources */,
			);
			buildRules = (
			);
			dependencies = (
			);
			name = DropBoxSwift;
			productName = DropBoxSwift;
			productReference = C2F5FC4E1E523B82004BEC06 /* DropBoxSwift.app */;
			productType = "com.apple.product-type.application";
		};
/* End PBXNativeTarget section */

/* Begin PBXProject section */
		C2F5FC461E523B7E004BEC06 /* Project object */ = {
			isa = PBXProject;
			attributes = {
				LastSwiftUpdateCheck = 0820;
				LastUpgradeCheck = 0820;
				ORGANIZATIONNAME = AnsA;
				TargetAttributes = {
					C2F5FC4D1E523B7E004BEC06 = {
						CreatedOnToolsVersion = 8.2.1;
						DevelopmentTeam = 2NVVKND5P4;
						ProvisioningStyle = Automatic;
					};
				};
			};
			buildConfigurationList = C2F5FC491E523B7E004BEC06 /* Build configuration list for PBXProject "DropBoxSwift" */;
			compatibilityVersion = "Xcode 3.2";
			developmentRegion = English;
			hasScannedForEncodings = 0;
			knownRegions = (
				en,
				Base,
			);
			mainGroup = C2F5FC451E523B7D004BEC06;
			productRefGroup = C2F5FC4F1E523B82004BEC06 /* Products */;
			projectDirPath = "";
			projectRoot = "";
			targets = (
				C2F5FC4D1E523B7E004BEC06 /* DropBoxSwift */,
			);
		};
/* End PBXProject section */

/* Begin PBXResourcesBuildPhase section */
		C2F5FC4C1E523B7E004BEC06 /* Resources */ = {
			isa = PBXResourcesBuildPhase;
			buildActionMask = 2147483647;
			files = (
				C2F5FC5C1E523B83004BEC06 /* LaunchScreen.storyboard in Resources */,
				C26709E31E525551002B3751 /* Default-568h@2x.png in Resources */,
				C2F5FC591E523B83004BEC06 /* Assets.xcassets in Resources */,
				C2F5FC571E523B83004BEC06 /* Main.storyboard in Resources */,
			);
			runOnlyForDeploymentPostprocessing = 0;
		};
/* End PBXResourcesBuildPhase section */

/* Begin PBXShellScriptBuildPhase section */
		2E80EA64FF4781630F8D8F75 /* [CP] Check Pods Manifest.lock */ = {
			isa = PBXShellScriptBuildPhase;
			buildActionMask = 2147483647;
			files = (
			);
			inputPaths = (
			);
			name = "[CP] Check Pods Manifest.lock";
			outputPaths = (
			);
			runOnlyForDeploymentPostprocessing = 0;
			shellPath = /bin/sh;
			shellScript = "diff \"${PODS_ROOT}/../Podfile.lock\" \"${PODS_ROOT}/Manifest.lock\" > /dev/null\nif [ $? != 0 ] ; then\n    # print error to STDERR\n    echo \"error: The sandbox is not in sync with the Podfile.lock. Run 'pod install' or update your CocoaPods installation.\" >&2\n    exit 1\nfi\n";
			showEnvVarsInLog = 0;
		};
		3BA02A4F6FBD6DEEC3F20BA7 /* [CP] Embed Pods Frameworks */ = {
			isa = PBXShellScriptBuildPhase;
			buildActionMask = 2147483647;
			files = (
			);
			inputPaths = (
			);
			name = "[CP] Embed Pods Frameworks";
			outputPaths = (
			);
			runOnlyForDeploymentPostprocessing = 0;
			shellPath = /bin/sh;
			shellScript = "\"${SRCROOT}/Pods/Target Support Files/Pods-DropBoxSwift/Pods-DropBoxSwift-frameworks.sh\"\n";
			showEnvVarsInLog = 0;
		};
		6771A721CD86B412B2EE6BDD /* [CP] Copy Pods Resources */ = {
			isa = PBXShellScriptBuildPhase;
			buildActionMask = 2147483647;
			files = (
			);
			inputPaths = (
			);
			name = "[CP] Copy Pods Resources";
			outputPaths = (
			);
			runOnlyForDeploymentPostprocessing = 0;
			shellPath = /bin/sh;
			shellScript = "\"${SRCROOT}/Pods/Target Support Files/Pods-DropBoxSwift/Pods-DropBoxSwift-resources.sh\"\n";
			showEnvVarsInLog = 0;
		};
/* End PBXShellScriptBuildPhase section */

/* Begin PBXSourcesBuildPhase section */
		C2F5FC4A1E523B7E004BEC06 /* Sources */ = {
			isa = PBXSourcesBuildPhase;
			buildActionMask = 2147483647;
			files = (
				C2DCDCA21E5B71F600E52F11 /* Button.swift in Sources */,
				C2DCDCA41E5B77D700E52F11 /* File.swift in Sources */,
				C20E77541E5A041A004C1831 /* TableController.swift in Sources */,
				C2F5FC541E523B83004BEC06 /* ViewController.swift in Sources */,
				C2F5FC521E523B83004BEC06 /* AppDelegate.swift in Sources */,
				C29DEF3C1E5A3B9100401138 /* FolderController.swift in Sources */,
			);
			runOnlyForDeploymentPostprocessing = 0;
		};
/* End PBXSourcesBuildPhase section */

/* Begin PBXVariantGroup section */
		C2F5FC551E523B83004BEC06 /* Main.storyboard */ = {
			isa = PBXVariantGroup;
			children = (
				C2F5FC561E523B83004BEC06 /* Base */,
			);
			name = Main.storyboard;
			sourceTree = "<group>";
		};
		C2F5FC5A1E523B83004BEC06 /* LaunchScreen.storyboard */ = {
			isa = PBXVariantGroup;
			children = (
				C2F5FC5B1E523B83004BEC06 /* Base */,
			);
			name = LaunchScreen.storyboard;
			sourceTree = "<group>";
		};
/* End PBXVariantGroup section */

/* Begin XCBuildConfiguration section */
		C2F5FC5E1E523B84004BEC06 /* Debug */ = {
			isa = XCBuildConfiguration;
			buildSettings = {
				ALWAYS_SEARCH_USER_PATHS = NO;
				CLANG_ANALYZER_NONNULL = YES;
				CLANG_CXX_LANGUAGE_STANDARD = "gnu++0x";
				CLANG_CXX_LIBRARY = "libc++";
				CLANG_ENABLE_MODULES = YES;
				CLANG_ENABLE_OBJC_ARC = YES;
				CLANG_WARN_BOOL_CONVERSION = YES;
				CLANG_WARN_CONSTANT_CONVERSION = YES;
				CLANG_WARN_DIRECT_OBJC_ISA_USAGE = YES_ERROR;
				CLANG_WARN_DOCUMENTATION_COMMENTS = YES;
				CLANG_WARN_EMPTY_BODY = YES;
				CLANG_WARN_ENUM_CONVERSION = YES;
				CLANG_WARN_INFINITE_RECURSION = YES;
				CLANG_WARN_INT_CONVERSION = YES;
				CLANG_WARN_OBJC_ROOT_CLASS = YES_ERROR;
				CLANG_WARN_SUSPICIOUS_MOVE = YES;
				CLANG_WARN_UNREACHABLE_CODE = YES;
				CLANG_WARN__DUPLICATE_METHOD_MATCH = YES;
				"CODE_SIGN_IDENTITY[sdk=iphoneos*]" = "iPhone Developer";
				COPY_PHASE_STRIP = NO;
				DEBUG_INFORMATION_FORMAT = dwarf;
				ENABLE_STRICT_OBJC_MSGSEND = YES;
				ENABLE_TESTABILITY = YES;
				GCC_C_LANGUAGE_STANDARD = gnu99;
				GCC_DYNAMIC_NO_PIC = NO;
				GCC_NO_COMMON_BLOCKS = YES;
				GCC_OPTIMIZATION_LEVEL = 0;
				GCC_PREPROCESSOR_DEFINITIONS = (
					"DEBUG=1",
					"$(inherited)",
				);
				GCC_WARN_64_TO_32_BIT_CONVERSION = YES;
				GCC_WARN_ABOUT_RETURN_TYPE = YES_ERROR;
				GCC_WARN_UNDECLARED_SELECTOR = YES;
				GCC_WARN_UNINITIALIZED_AUTOS = YES_AGGRESSIVE;
				GCC_WARN_UNUSED_FUNCTION = YES;
				GCC_WARN_UNUSED_VARIABLE = YES;
				IPHONEOS_DEPLOYMENT_TARGET = 10.2;
				MTL_ENABLE_DEBUG_INFO = YES;
				ONLY_ACTIVE_ARCH = YES;
				SDKROOT = iphoneos;
				SWIFT_ACTIVE_COMPILATION_CONDITIONS = DEBUG;
				SWIFT_OPTIMIZATION_LEVEL = "-Onone";
			};
			name = Debug;
		};
		C2F5FC5F1E523B84004BEC06 /* Release */ = {
			isa = XCBuildConfiguration;
			buildSettings = {
				ALWAYS_SEARCH_USER_PATHS = NO;
				CLANG_ANALYZER_NONNULL = YES;
				CLANG_CXX_LANGUAGE_STANDARD = "gnu++0x";
				CLANG_CXX_LIBRARY = "libc++";
				CLANG_ENABLE_MODULES = YES;
				CLANG_ENABLE_OBJC_ARC = YES;
				CLANG_WARN_BOOL_CONVERSION = YES;
				CLANG_WARN_CONSTANT_CONVERSION = YES;
				CLANG_WARN_DIRECT_OBJC_ISA_USAGE = YES_ERROR;
				CLANG_WARN_DOCUMENTATION_COMMENTS = YES;
				CLANG_WARN_EMPTY_BODY = YES;
				CLANG_WARN_ENUM_CONVERSION = YES;
				CLANG_WARN_INFINITE_RECURSION = YES;
				CLANG_WARN_INT_CONVERSION = YES;
				CLANG_WARN_OBJC_ROOT_CLASS = YES_ERROR;
				CLANG_WARN_SUSPICIOUS_MOVE = YES;
				CLANG_WARN_UNREACHABLE_CODE = YES;
				CLANG_WARN__DUPLICATE_METHOD_MATCH = YES;
				"CODE_SIGN_IDENTITY[sdk=iphoneos*]" = "iPhone Developer";
				COPY_PHASE_STRIP = NO;
				DEBUG_INFORMATION_FORMAT = "dwarf-with-dsym";
				ENABLE_NS_ASSERTIONS = NO;
				ENABLE_STRICT_OBJC_MSGSEND = YES;
				GCC_C_LANGUAGE_STANDARD = gnu99;
				GCC_NO_COMMON_BLOCKS = YES;
				GCC_WARN_64_TO_32_BIT_CONVERSION = YES;
				GCC_WARN_ABOUT_RETURN_TYPE = YES_ERROR;
				GCC_WARN_UNDECLARED_SELECTOR = YES;
				GCC_WARN_UNINITIALIZED_AUTOS = YES_AGGRESSIVE;
				GCC_WARN_UNUSED_FUNCTION = YES;
				GCC_WARN_UNUSED_VARIABLE = YES;
				IPHONEOS_DEPLOYMENT_TARGET = 10.2;
				MTL_ENABLE_DEBUG_INFO = NO;
				SDKROOT = iphoneos;
				SWIFT_OPTIMIZATION_LEVEL = "-Owholemodule";
				VALIDATE_PRODUCT = YES;
			};
			name = Release;
		};
		C2F5FC611E523B84004BEC06 /* Debug */ = {
			isa = XCBuildConfiguration;
			baseConfigurationReference = 2AB5213B53D06086303376B5 /* Pods-DropBoxSwift.debug.xcconfig */;
			buildSettings = {
				ASSETCATALOG_COMPILER_APPICON_NAME = AppIcon;
				DEVELOPMENT_TEAM = 2NVVKND5P4;
				FRAMEWORK_SEARCH_PATHS = (
					"$(inherited)",
					"$(PROJECT_DIR)/build/Debug-iphoneos/SwiftyDropbox",
				);
				INFOPLIST_FILE = DropBoxSwift/Info.plist;
				LD_RUNPATH_SEARCH_PATHS = "$(inherited) @executable_path/Frameworks";
				PRODUCT_BUNDLE_IDENTIFIER = com.AnsA.DropBoxSwift;
				PRODUCT_NAME = "$(TARGET_NAME)";
				SWIFT_VERSION = 3.0;
			};
			name = Debug;
		};
		C2F5FC621E523B84004BEC06 /* Release */ = {
			isa = XCBuildConfiguration;
			baseConfigurationReference = C1BBADA1A6C163CD9BA766C7 /* Pods-DropBoxSwift.release.xcconfig */;
			buildSettings = {
				ASSETCATALOG_COMPILER_APPICON_NAME = AppIcon;
				DEVELOPMENT_TEAM = 2NVVKND5P4;
				FRAMEWORK_SEARCH_PATHS = (
					"$(inherited)",
					"$(PROJECT_DIR)/build/Debug-iphoneos/SwiftyDropbox",
				);
				INFOPLIST_FILE = DropBoxSwift/Info.plist;
				LD_RUNPATH_SEARCH_PATHS = "$(inherited) @executable_path/Frameworks";
				PRODUCT_BUNDLE_IDENTIFIER = com.AnsA.DropBoxSwift;
				PRODUCT_NAME = "$(TARGET_NAME)";
				SWIFT_VERSION = 3.0;
			};
			name = Release;
		};
/* End XCBuildConfiguration section */

/* Begin XCConfigurationList section */
		C2F5FC491E523B7E004BEC06 /* Build configuration list for PBXProject "DropBoxSwift" */ = {
			isa = XCConfigurationList;
			buildConfigurations = (
				C2F5FC5E1E523B84004BEC06 /* Debug */,
				C2F5FC5F1E523B84004BEC06 /* Release */,
			);
			defaultConfigurationIsVisible = 0;
			defaultConfigurationName = Release;
		};
		C2F5FC601E523B84004BEC06 /* Build configuration list for PBXNativeTarget "DropBoxSwift" */ = {
			isa = XCConfigurationList;
			buildConfigurations = (
				C2F5FC611E523B84004BEC06 /* Debug */,
				C2F5FC621E523B84004BEC06 /* Release */,
			);
			defaultConfigurationIsVisible = 0;
			defaultConfigurationName = Release;
		};
/* End XCConfigurationList section */
	};
	rootObject = C2F5FC461E523B7E004BEC06 /* Project object */;
}
