// !$*UTF8*$!
{
	archiveVersion = 1;
	classes = {
	};
	objectVersion = 46;
	objects = {

/* Begin PBXBuildFile section */
		C2F5FC521E523B83004BEC06 /* AppDelegate.swift in Sources */ = {isa = PBXBuildFile; fileRef = C2F5FC511E523B83004BEC06 /* AppDelegate.swift */; };
		C2F5FC541E523B83004BEC06 /* ViewController.swift in Sources */ = {isa = PBXBuildFile; fileRef = C2F5FC531E523B83004BEC06 /* ViewController.swift */; };
		C2F5FC571E523B83004BEC06 /* Main.storyboard in Resources */ = {isa = PBXBuildFile; fileRef = C2F5FC551E523B83004BEC06 /* Main.storyboard */; };
		C2F5FC591E523B83004BEC06 /* Assets.xcassets in Resources */ = {isa = PBXBuildFile; fileRef = C2F5FC581E523B83004BEC06 /* Assets.xcassets */; };
		C2F5FC5C1E523B83004BEC06 /* LaunchScreen.storyboard in Resources */ = {isa = PBXBuildFile; fileRef = C2F5FC5A1E523B83004BEC06 /* LaunchScreen.storyboard */; };
/* End PBXBuildFile section */

/* Begin PBXFileReference section */
		C2F5FC4E1E523B82004BEC06 /* DropBoxSwift.app */ = {isa = PBXFileReference; explicitFileType = wrapper.application; includeInIndex = 0; path = DropBoxSwift.app; sourceTree = BUILT_PRODUCTS_DIR; };
		C2F5FC511E523B83004BEC06 /* AppDelegate.swift */ = {isa = PBXFileReference; lastKnownFileType = sourcecode.swift; path = AppDelegate.swift; sourceTree = "<group>"; };
		C2F5FC531E523B83004BEC06 /* ViewController.swift */ = {isa = PBXFileReference; lastKnownFileType = sourcecode.swift; path = ViewController.swift; sourceTree = "<group>"; };
		C2F5FC561E523B83004BEC06 /* Base */ = {isa = PBXFileReference; lastKnownFileType = file.storyboard; name = Base; path = Base.lproj/Main.storyboard; sourceTree = "<group>"; };
		C2F5FC581E523B83004BEC06 /* Assets.xcassets */ = {isa = PBXFileReference; lastKnownFileType = folder.assetcatalog; path = Assets.xcassets; sourceTree = "<group>"; };
		C2F5FC5B1E523B83004BEC06 /* Base */ = {isa = PBXFileReference; lastKnownFileType = file.storyboard; name = Base; path = Base.lproj/LaunchScreen.storyboard; sourceTree = "<group>"; };
		C2F5FC5D1E523B84004BEC06 /* Info.plist */ = {isa = PBXFileReference; lastKnownFileType = text.plist.xml; path = Info.plist; sourceTree = "<group>"; };
/* End PBXFileReference section */

/* Begin PBXFrameworksBuildPhase section */
		C2F5FC4B1E523B7E004BEC06 /* Frameworks */ = {
			isa = PBXFrameworksBuildPhase;
			buildActionMask = 2147483647;
			files = (
			);
			runOnlyForDeploymentPostprocessing = 0;
		};
/* End PBXFrameworksBuildPhase section */

/* Begin PBXGroup section */
		C2F5FC451E523B7D004BEC06 = {
			isa = PBXGroup;
			children = (
				C2F5FC501E523B82004BEC06 /* DropBoxSwift */,
				C2F5FC4F1E523B82004BEC06 /* Products */,
			);
			sourceTree = "<group>";
		};
		C2F5FC4F1E523B82004BEC06 /* Products */ = {
			isa = PBXGroup;
			children = (
				C2F5FC4E1E523B82004BEC06 /* DropBoxSwift.app */,
			);
			name = Products;
			sourceTree = "<group>";
		};
		C2F5FC501E523B82004BEC06 /* DropBoxSwift */ = {
			isa = PBXGroup;
			children = (
				C2F5FC511E523B83004BEC06 /* AppDelegate.swift */,
				C2F5FC531E523B83004BEC06 /* ViewController.swift */,
				C2F5FC551E523B83004BEC06 /* Main.storyboard */,
				C2F5FC581E523B83004BEC06 /* Assets.xcassets */,
				C2F5FC5A1E523B83004BEC06 /* LaunchScreen.storyboard */,
				C2F5FC5D1E523B84004BEC06 /* Info.plist */,
			);
			path = DropBoxSwift;
			sourceTree = "<group>";
		};
/* End PBXGroup section */

/* Begin PBXNativeTarget section */
		C2F5FC4D1E523B7E004BEC06 /* DropBoxSwift */ = {
			isa = PBXNativeTarget;
			buildConfigurationList = C2F5FC601E523B84004BEC06 /* Build configuration list for PBXNativeTarget "DropBoxSwift" */;
			buildPhases = (
				C2F5FC4A1E523B7E004BEC06 /* Sources */,
				C2F5FC4B1E523B7E004BEC06 /* Frameworks */,
				C2F5FC4C1E523B7E004BEC06 /* Resources */,
			);
			buildRules = (
			);
			dependencies = (
			);
			name = DropBoxSwift;
			productName = DropBoxSwift;
			productReference = C2F5FC4E1E523B82004BEC06 /* DropBoxSwift.app */;
			productType = "com.apple.product-type.application";
		};
/* End PBXNativeTarget section */

/* Begin PBXProject section */
		C2F5FC461E523B7E004BEC06 /* Project object */ = {
			isa = PBXProject;
			attributes = {
				LastSwiftUpdateCheck = 0820;
				LastUpgradeCheck = 0820;
				ORGANIZATIONNAME = AnsA;
				TargetAttributes = {
					C2F5FC4D1E523B7E004BEC06 = {
						CreatedOnToolsVersion = 8.2.1;
						DevelopmentTeam = 2NVVKND5P4;
						ProvisioningStyle = Automatic;
					};
				};
			};
			buildConfigurationList = C2F5FC491E523B7E004BEC06 /* Build configuration list for PBXProject "DropBoxSwift" */;
			compatibilityVersion = "Xcode 3.2";
			developmentRegion = English;
			hasScannedForEncodings = 0;
			knownRegions = (
				en,
				Base,
			);
			mainGroup = C2F5FC451E523B7D004BEC06;
			productRefGroup = C2F5FC4F1E523B82004BEC06 /* Products */;
			projectDirPath = "";
			projectRoot = "";
			targets = (
				C2F5FC4D1E523B7E004BEC06 /* DropBoxSwift */,
			);
		};
/* End PBXProject section */

/* Begin PBXResourcesBuildPhase section */
		C2F5FC4C1E523B7E004BEC06 /* Resources */ = {
			isa = PBXResourcesBuildPhase;
			buildActionMask = 2147483647;
			files = (
				C2F5FC5C1E523B83004BEC06 /* LaunchScreen.storyboard in Resources */,
				C2F5FC591E523B83004BEC06 /* Assets.xcassets in Resources */,
				C2F5FC571E523B83004BEC06 /* Main.storyboard in Resources */,
			);
			runOnlyForDeploymentPostprocessing = 0;
		};
/* End PBXResourcesBuildPhase section */

/* Begin PBXSourcesBuildPhase section */
		C2F5FC4A1E523B7E004BEC06 /* Sources */ = {
			isa = PBXSourcesBuildPhase;
			buildActionMask = 2147483647;
			files = (
				C2F5FC541E523B83004BEC06 /* ViewController.swift in Sources */,
				C2F5FC521E523B83004BEC06 /* AppDelegate.swift in Sources */,
			);
			runOnlyForDeploymentPostprocessing = 0;
		};
/* End PBXSourcesBuildPhase section */

/* Begin PBXVariantGroup section */
		C2F5FC551E523B83004BEC06 /* Main.storyboard */ = {
			isa = PBXVariantGroup;
			children = (
				C2F5FC561E523B83004BEC06 /* Base */,
			);
			name = Main.storyboard;
			sourceTree = "<group>";
		};
		C2F5FC5A1E523B83004BEC06 /* LaunchScreen.storyboard */ = {
			isa = PBXVariantGroup;
			children = (
				C2F5FC5B1E523B83004BEC06 /* Base */,
			);
			name = LaunchScreen.storyboard;
			sourceTree = "<group>";
		};
/* End PBXVariantGroup section */

/* Begin XCBuildConfiguration section */
		C2F5FC5E1E523B84004BEC06 /* Debug */ = {
			isa = XCBuildConfiguration;
			buildSettings = {
				ALWAYS_SEARCH_USER_PATHS = NO;
				CLANG_ANALYZER_NONNULL = YES;
				CLANG_CXX_LANGUAGE_STANDARD = "gnu++0x";
				CLANG_CXX_LIBRARY = "libc++";
				CLANG_ENABLE_MODULES = YES;
				CLANG_ENABLE_OBJC_ARC = YES;
				CLANG_WARN_BOOL_CONVERSION = YES;
				CLANG_WARN_CONSTANT_CONVERSION = YES;
				CLANG_WARN_DIRECT_OBJC_ISA_USAGE = YES_ERROR;
				CLANG_WARN_DOCUMENTATION_COMMENTS = YES;
				CLANG_WARN_EMPTY_BODY = YES;
				CLANG_WARN_ENUM_CONVERSION = YES;
				CLANG_WARN_INFINITE_RECURSION = YES;
				CLANG_WARN_INT_CONVERSION = YES;
				CLANG_WARN_OBJC_ROOT_CLASS = YES_ERROR;
				CLANG_WARN_SUSPICIOUS_MOVE = YES;
				CLANG_WARN_UNREACHABLE_CODE = YES;
				CLANG_WARN__DUPLICATE_METHOD_MATCH = YES;
				"CODE_SIGN_IDENTITY[sdk=iphoneos*]" = "iPhone Developer";
				COPY_PHASE_STRIP = NO;
				DEBUG_INFORMATION_FORMAT = dwarf;
				ENABLE_STRICT_OBJC_MSGSEND = YES;
				ENABLE_TESTABILITY = YES;
				GCC_C_LANGUAGE_STANDARD = gnu99;
				GCC_DYNAMIC_NO_PIC = NO;
				GCC_NO_COMMON_BLOCKS = YES;
				GCC_OPTIMIZATION_LEVEL = 0;
				GCC_PREPROCESSOR_DEFINITIONS = (
					"DEBUG=1",
					"$(inherited)",
				);
				GCC_WARN_64_TO_32_BIT_CONVERSION = YES;
				GCC_WARN_ABOUT_RETURN_TYPE = YES_ERROR;
				GCC_WARN_UNDECLARED_SELECTOR = YES;
				GCC_WARN_UNINITIALIZED_AUTOS = YES_AGGRESSIVE;
				GCC_WARN_UNUSED_FUNCTION = YES;
				GCC_WARN_UNUSED_VARIABLE = YES;
				IPHONEOS_DEPLOYMENT_TARGET = 10.2;
				MTL_ENABLE_DEBUG_INFO = YES;
				ONLY_ACTIVE_ARCH = YES;
				SDKROOT = iphoneos;
				SWIFT_ACTIVE_COMPILATION_CONDITIONS = DEBUG;
				SWIFT_OPTIMIZATION_LEVEL = "-Onone";
			};
			name = Debug;
		};
		C2F5FC5F1E523B84004BEC06 /* Release */ = {
			isa = XCBuildConfiguration;
			buildSettings = {
				ALWAYS_SEARCH_USER_PATHS = NO;
				CLANG_ANALYZER_NONNULL = YES;
				CLANG_CXX_LANGUAGE_STANDARD = "gnu++0x";
				CLANG_CXX_LIBRARY = "libc++";
				CLANG_ENABLE_MODULES = YES;
				CLANG_ENABLE_OBJC_ARC = YES;
				CLANG_WARN_BOOL_CONVERSION = YES;
				CLANG_WARN_CONSTANT_CONVERSION = YES;
				CLANG_WARN_DIRECT_OBJC_ISA_USAGE = YES_ERROR;
				CLANG_WARN_DOCUMENTATION_COMMENTS = YES;
				CLANG_WARN_EMPTY_BODY = YES;
				CLANG_WARN_ENUM_CONVERSION = YES;
				CLANG_WARN_INFINITE_RECURSION = YES;
				CLANG_WARN_INT_CONVERSION = YES;
				CLANG_WARN_OBJC_ROOT_CLASS = YES_ERROR;
				CLANG_WARN_SUSPICIOUS_MOVE = YES;
				CLANG_WARN_UNREACHABLE_CODE = YES;
				CLANG_WARN__DUPLICATE_METHOD_MATCH = YES;
				"CODE_SIGN_IDENTITY[sdk=iphoneos*]" = "iPhone Developer";
				COPY_PHASE_STRIP = NO;
				DEBUG_INFORMATION_FORMAT = "dwarf-with-dsym";
				ENABLE_NS_ASSERTIONS = NO;
				ENABLE_STRICT_OBJC_MSGSEND = YES;
				GCC_C_LANGUAGE_STANDARD = gnu99;
				GCC_NO_COMMON_BLOCKS = YES;
				GCC_WARN_64_TO_32_BIT_CONVERSION = YES;
				GCC_WARN_ABOUT_RETURN_TYPE = YES_ERROR;
				GCC_WARN_UNDECLARED_SELECTOR = YES;
				GCC_WARN_UNINITIALIZED_AUTOS = YES_AGGRESSIVE;
				GCC_WARN_UNUSED_FUNCTION = YES;
				GCC_WARN_UNUSED_VARIABLE = YES;
				IPHONEOS_DEPLOYMENT_TARGET = 10.2;
				MTL_ENABLE_DEBUG_INFO = NO;
				SDKROOT = iphoneos;
				SWIFT_OPTIMIZATION_LEVEL = "-Owholemodule";
				VALIDATE_PRODUCT = YES;
			};
			name = Release;
		};
		C2F5FC611E523B84004BEC06 /* Debug */ = {
			isa = XCBuildConfiguration;
			buildSettings = {
				ASSETCATALOG_COMPILER_APPICON_NAME = AppIcon;
				DEVELOPMENT_TEAM = 2NVVKND5P4;
				INFOPLIST_FILE = DropBoxSwift/Info.plist;
				LD_RUNPATH_SEARCH_PATHS = "$(inherited) @executable_path/Frameworks";
				PRODUCT_BUNDLE_IDENTIFIER = com.AnsA.DropBoxSwift;
				PRODUCT_NAME = "$(TARGET_NAME)";
				SWIFT_VERSION = 3.0;
			};
			name = Debug;
		};
		C2F5FC621E523B84004BEC06 /* Release */ = {
			isa = XCBuildConfiguration;
			buildSettings = {
				ASSETCATALOG_COMPILER_APPICON_NAME = AppIcon;
				DEVELOPMENT_TEAM = 2NVVKND5P4;
				INFOPLIST_FILE = DropBoxSwift/Info.plist;
				LD_RUNPATH_SEARCH_PATHS = "$(inherited) @executable_path/Frameworks";
				PRODUCT_BUNDLE_IDENTIFIER = com.AnsA.DropBoxSwift;
				PRODUCT_NAME = "$(TARGET_NAME)";
				SWIFT_VERSION = 3.0;
			};
			name = Release;
		};
/* End XCBuildConfiguration section */

/* Begin XCConfigurationList section */
		C2F5FC491E523B7E004BEC06 /* Build configuration list for PBXProject "DropBoxSwift" */ = {
			isa = XCConfigurationList;
			buildConfigurations = (
				C2F5FC5E1E523B84004BEC06 /* Debug */,
				C2F5FC5F1E523B84004BEC06 /* Release */,
			);
			defaultConfigurationIsVisible = 0;
			defaultConfigurationName = Release;
		};
		C2F5FC601E523B84004BEC06 /* Build configuration list for PBXNativeTarget "DropBoxSwift" */ = {
			isa = XCConfigurationList;
			buildConfigurations = (
				C2F5FC611E523B84004BEC06 /* Debug */,
				C2F5FC621E523B84004BEC06 /* Release */,
			);
			defaultConfigurationIsVisible = 0;
		};
/* End XCConfigurationList section */
	};
	rootObject = C2F5FC461E523B7E004BEC06 /* Project object */;
}
